// !$*UTF8*$!
{
	archiveVersion = 1;
	classes = {
	};
	objectVersion = 55;
	objects = {

/* Begin PBXBuildFile section */
		1A00B63728C0CBEC004D029B /* TestView.swift in Sources */ = {isa = PBXBuildFile; fileRef = 1A00B63628C0CBEC004D029B /* TestView.swift */; };
		1A00B63928C0CE74004D029B /* TabView.swift in Sources */ = {isa = PBXBuildFile; fileRef = 1A00B63828C0CE74004D029B /* TabView.swift */; };
		1A5827C528C27B41001C4CEB /* DetailsView.swift in Sources */ = {isa = PBXBuildFile; fileRef = 1A5827C428C27B41001C4CEB /* DetailsView.swift */; };
		1A8A7D6828C221B700CDF3A0 /* RangedSliderView.swift in Sources */ = {isa = PBXBuildFile; fileRef = 1A8A7D6728C221B700CDF3A0 /* RangedSliderView.swift */; };
		1A8A7D6A28C25F7700CDF3A0 /* HotSalesView.swift in Sources */ = {isa = PBXBuildFile; fileRef = 1A8A7D6928C25F7700CDF3A0 /* HotSalesView.swift */; };
		1A8A7D6D28C260EF00CDF3A0 /* ProductView.swift in Sources */ = {isa = PBXBuildFile; fileRef = 1A8A7D6C28C260EF00CDF3A0 /* ProductView.swift */; };
		1A8A7D7028C2611E00CDF3A0 /* ProductViewModel.swift in Sources */ = {isa = PBXBuildFile; fileRef = 1A8A7D6F28C2611E00CDF3A0 /* ProductViewModel.swift */; };
		1A8A7D7228C2618100CDF3A0 /* ProductModel.swift in Sources */ = {isa = PBXBuildFile; fileRef = 1A8A7D7128C2618100CDF3A0 /* ProductModel.swift */; };
		1AAD67C328BFC0E300D7EA96 /* BestSellersView.swift in Sources */ = {isa = PBXBuildFile; fileRef = 1AAD67C228BFC0E300D7EA96 /* BestSellersView.swift */; };
		1AB3F53428C107B100C6BDD5 /* AdaptiveSheet.swift in Sources */ = {isa = PBXBuildFile; fileRef = 1AB3F53328C107B100C6BDD5 /* AdaptiveSheet.swift */; };
		1AB3F53628C10D5E00C6BDD5 /* FilterView.swift in Sources */ = {isa = PBXBuildFile; fileRef = 1AB3F53528C10D5E00C6BDD5 /* FilterView.swift */; };
		1ABE1F1828BCD9700052F921 /* TestShopApp.swift in Sources */ = {isa = PBXBuildFile; fileRef = 1ABE1F1728BCD9700052F921 /* TestShopApp.swift */; };
		1ABE1F1A28BCD9700052F921 /* HomeView.swift in Sources */ = {isa = PBXBuildFile; fileRef = 1ABE1F1928BCD9700052F921 /* HomeView.swift */; };
		1ABE1F1C28BCD9720052F921 /* Assets.xcassets in Resources */ = {isa = PBXBuildFile; fileRef = 1ABE1F1B28BCD9720052F921 /* Assets.xcassets */; };
		1ABE1F1F28BCD9720052F921 /* Preview Assets.xcassets in Resources */ = {isa = PBXBuildFile; fileRef = 1ABE1F1E28BCD9720052F921 /* Preview Assets.xcassets */; };
		1ABE1F2728BCF97D0052F921 /* Constants.swift in Sources */ = {isa = PBXBuildFile; fileRef = 1ABE1F2628BCF97D0052F921 /* Constants.swift */; };
		1ABE1F2928BD096D0052F921 /* HomeViewModel.swift in Sources */ = {isa = PBXBuildFile; fileRef = 1ABE1F2828BD096D0052F921 /* HomeViewModel.swift */; };
		1ABE1F2B28BD0C700052F921 /* HomeModel.swift in Sources */ = {isa = PBXBuildFile; fileRef = 1ABE1F2A28BD0C700052F921 /* HomeModel.swift */; };
		1ADE0B4828C36C0000195594 /* MyCosmosView.swift in Sources */ = {isa = PBXBuildFile; fileRef = 1ADE0B4728C36C0000195594 /* MyCosmosView.swift */; };
		1ADE0B4A28C3716F00195594 /* ColorExtension.swift in Sources */ = {isa = PBXBuildFile; fileRef = 1ADE0B4928C3716F00195594 /* ColorExtension.swift */; };
		1AE7B16328C4D3C900A5FF89 /* CarouselView.swift in Sources */ = {isa = PBXBuildFile; fileRef = 1AE7B16228C4D3C900A5FF89 /* CarouselView.swift */; };
		1AEC39FF28BDF6E200F03F34 /* NetworkManager.swift in Sources */ = {isa = PBXBuildFile; fileRef = 1AEC39FE28BDF6E200F03F34 /* NetworkManager.swift */; };
		1AEC3A5528BE184600F03F34 /* Mark-Pro.ttf in Resources */ = {isa = PBXBuildFile; fileRef = 1AEC3A5428BE184600F03F34 /* Mark-Pro.ttf */; };
		1AEC3A5828BE2CBD00F03F34 /* StringExtension.swift in Sources */ = {isa = PBXBuildFile; fileRef = 1AEC3A5728BE2CBD00F03F34 /* StringExtension.swift */; };
		CFEBDB6F94689AE175693B19 /* Pods_TestShop.framework in Frameworks */ = {isa = PBXBuildFile; fileRef = 876829D757049970ECA35F95 /* Pods_TestShop.framework */; };
/* End PBXBuildFile section */

/* Begin PBXFileReference section */
		1A00B63628C0CBEC004D029B /* TestView.swift */ = {isa = PBXFileReference; lastKnownFileType = sourcecode.swift; path = TestView.swift; sourceTree = "<group>"; };
		1A00B63828C0CE74004D029B /* TabView.swift */ = {isa = PBXFileReference; lastKnownFileType = sourcecode.swift; path = TabView.swift; sourceTree = "<group>"; };
		1A5827C428C27B41001C4CEB /* DetailsView.swift */ = {isa = PBXFileReference; lastKnownFileType = sourcecode.swift; path = DetailsView.swift; sourceTree = "<group>"; };
		1A8A7D6728C221B700CDF3A0 /* RangedSliderView.swift */ = {isa = PBXFileReference; lastKnownFileType = sourcecode.swift; path = RangedSliderView.swift; sourceTree = "<group>"; };
		1A8A7D6928C25F7700CDF3A0 /* HotSalesView.swift */ = {isa = PBXFileReference; lastKnownFileType = sourcecode.swift; path = HotSalesView.swift; sourceTree = "<group>"; };
		1A8A7D6C28C260EF00CDF3A0 /* ProductView.swift */ = {isa = PBXFileReference; lastKnownFileType = sourcecode.swift; path = ProductView.swift; sourceTree = "<group>"; };
		1A8A7D6F28C2611E00CDF3A0 /* ProductViewModel.swift */ = {isa = PBXFileReference; lastKnownFileType = sourcecode.swift; path = ProductViewModel.swift; sourceTree = "<group>"; };
		1A8A7D7128C2618100CDF3A0 /* ProductModel.swift */ = {isa = PBXFileReference; lastKnownFileType = sourcecode.swift; path = ProductModel.swift; sourceTree = "<group>"; };
		1AAD67C228BFC0E300D7EA96 /* BestSellersView.swift */ = {isa = PBXFileReference; lastKnownFileType = sourcecode.swift; path = BestSellersView.swift; sourceTree = "<group>"; };
		1AB3F53328C107B100C6BDD5 /* AdaptiveSheet.swift */ = {isa = PBXFileReference; lastKnownFileType = sourcecode.swift; path = AdaptiveSheet.swift; sourceTree = "<group>"; };
		1AB3F53528C10D5E00C6BDD5 /* FilterView.swift */ = {isa = PBXFileReference; lastKnownFileType = sourcecode.swift; path = FilterView.swift; sourceTree = "<group>"; };
		1ABE1F1428BCD9700052F921 /* TestShop.app */ = {isa = PBXFileReference; explicitFileType = wrapper.application; includeInIndex = 0; path = TestShop.app; sourceTree = BUILT_PRODUCTS_DIR; };
		1ABE1F1728BCD9700052F921 /* TestShopApp.swift */ = {isa = PBXFileReference; lastKnownFileType = sourcecode.swift; path = TestShopApp.swift; sourceTree = "<group>"; };
		1ABE1F1928BCD9700052F921 /* HomeView.swift */ = {isa = PBXFileReference; lastKnownFileType = sourcecode.swift; path = HomeView.swift; sourceTree = "<group>"; };
		1ABE1F1B28BCD9720052F921 /* Assets.xcassets */ = {isa = PBXFileReference; lastKnownFileType = folder.assetcatalog; path = Assets.xcassets; sourceTree = "<group>"; };
		1ABE1F1E28BCD9720052F921 /* Preview Assets.xcassets */ = {isa = PBXFileReference; lastKnownFileType = folder.assetcatalog; path = "Preview Assets.xcassets"; sourceTree = "<group>"; };
		1ABE1F2628BCF97D0052F921 /* Constants.swift */ = {isa = PBXFileReference; lastKnownFileType = sourcecode.swift; path = Constants.swift; sourceTree = "<group>"; };
		1ABE1F2828BD096D0052F921 /* HomeViewModel.swift */ = {isa = PBXFileReference; lastKnownFileType = sourcecode.swift; path = HomeViewModel.swift; sourceTree = "<group>"; };
		1ABE1F2A28BD0C700052F921 /* HomeModel.swift */ = {isa = PBXFileReference; lastKnownFileType = sourcecode.swift; path = HomeModel.swift; sourceTree = "<group>"; };
		1ADE0B4728C36C0000195594 /* MyCosmosView.swift */ = {isa = PBXFileReference; lastKnownFileType = sourcecode.swift; path = MyCosmosView.swift; sourceTree = "<group>"; };
		1ADE0B4928C3716F00195594 /* ColorExtension.swift */ = {isa = PBXFileReference; lastKnownFileType = sourcecode.swift; path = ColorExtension.swift; sourceTree = "<group>"; };
		1AE7B16228C4D3C900A5FF89 /* CarouselView.swift */ = {isa = PBXFileReference; lastKnownFileType = sourcecode.swift; path = CarouselView.swift; sourceTree = "<group>"; };
		1AEC39FE28BDF6E200F03F34 /* NetworkManager.swift */ = {isa = PBXFileReference; lastKnownFileType = sourcecode.swift; path = NetworkManager.swift; sourceTree = "<group>"; };
		1AEC3A5428BE184600F03F34 /* Mark-Pro.ttf */ = {isa = PBXFileReference; lastKnownFileType = file; path = "Mark-Pro.ttf"; sourceTree = "<group>"; };
		1AEC3A5728BE2CBD00F03F34 /* StringExtension.swift */ = {isa = PBXFileReference; lastKnownFileType = sourcecode.swift; path = StringExtension.swift; sourceTree = "<group>"; };
		43B37D27156471EA6A7F6AE2 /* Pods-TestShop.debug.xcconfig */ = {isa = PBXFileReference; includeInIndex = 1; lastKnownFileType = text.xcconfig; name = "Pods-TestShop.debug.xcconfig"; path = "Target Support Files/Pods-TestShop/Pods-TestShop.debug.xcconfig"; sourceTree = "<group>"; };
		876829D757049970ECA35F95 /* Pods_TestShop.framework */ = {isa = PBXFileReference; explicitFileType = wrapper.framework; includeInIndex = 0; path = Pods_TestShop.framework; sourceTree = BUILT_PRODUCTS_DIR; };
		B2BA538A08DE6873341235B6 /* Pods-TestShop.release.xcconfig */ = {isa = PBXFileReference; includeInIndex = 1; lastKnownFileType = text.xcconfig; name = "Pods-TestShop.release.xcconfig"; path = "Target Support Files/Pods-TestShop/Pods-TestShop.release.xcconfig"; sourceTree = "<group>"; };
/* End PBXFileReference section */

/* Begin PBXFrameworksBuildPhase section */
		1ABE1F1128BCD9700052F921 /* Frameworks */ = {
			isa = PBXFrameworksBuildPhase;
			buildActionMask = 2147483647;
			files = (
				CFEBDB6F94689AE175693B19 /* Pods_TestShop.framework in Frameworks */,
			);
			runOnlyForDeploymentPostprocessing = 0;
		};
/* End PBXFrameworksBuildPhase section */

/* Begin PBXGroup section */
		1A5827C628C27B44001C4CEB /* Subviews */ = {
			isa = PBXGroup;
			children = (
				1A5827C428C27B41001C4CEB /* DetailsView.swift */,
				1ADE0B4728C36C0000195594 /* MyCosmosView.swift */,
				1AE7B16228C4D3C900A5FF89 /* CarouselView.swift */,
			);
			path = Subviews;
			sourceTree = "<group>";
		};
		1A8A7D6B28C260BC00CDF3A0 /* ProductDetailsView */ = {
			isa = PBXGroup;
			children = (
				1A5827C628C27B44001C4CEB /* Subviews */,
				1A8A7D6E28C2610600CDF3A0 /* Models */,
				1A8A7D6C28C260EF00CDF3A0 /* ProductView.swift */,
			);
			path = ProductDetailsView;
			sourceTree = "<group>";
		};
		1A8A7D6E28C2610600CDF3A0 /* Models */ = {
			isa = PBXGroup;
			children = (
				1A8A7D6F28C2611E00CDF3A0 /* ProductViewModel.swift */,
				1A8A7D7128C2618100CDF3A0 /* ProductModel.swift */,
			);
			path = Models;
			sourceTree = "<group>";
		};
		1AB3F53728C10D6B00C6BDD5 /* Subviews */ = {
			isa = PBXGroup;
			children = (
				1AAD67C228BFC0E300D7EA96 /* BestSellersView.swift */,
				1A00B63828C0CE74004D029B /* TabView.swift */,
				1AB3F53528C10D5E00C6BDD5 /* FilterView.swift */,
				1A8A7D6728C221B700CDF3A0 /* RangedSliderView.swift */,
				1A8A7D6928C25F7700CDF3A0 /* HotSalesView.swift */,
			);
			path = Subviews;
			sourceTree = "<group>";
		};
		1ABE1F0B28BCD9700052F921 = {
			isa = PBXGroup;
			children = (
				1ABE1F1628BCD9700052F921 /* TestShop */,
				1ABE1F1528BCD9700052F921 /* Products */,
				73C5B3A4C61C11EB776E21ED /* Pods */,
				9203D439117FAD9EAFDFFA96 /* Frameworks */,
			);
			sourceTree = "<group>";
		};
		1ABE1F1528BCD9700052F921 /* Products */ = {
			isa = PBXGroup;
			children = (
				1ABE1F1428BCD9700052F921 /* TestShop.app */,
			);
			name = Products;
			sourceTree = "<group>";
		};
		1ABE1F1628BCD9700052F921 /* TestShop */ = {
			isa = PBXGroup;
			children = (
				1ABE1F1728BCD9700052F921 /* TestShopApp.swift */,
				1AEC3A0228BE030600F03F34 /* HomeView */,
				1A8A7D6B28C260BC00CDF3A0 /* ProductDetailsView */,
				1ABE1F1B28BCD9720052F921 /* Assets.xcassets */,
				1AEC39FD28BDF31E00F03F34 /* Services */,
				1ABE1F2528BCF96D0052F921 /* Helpers */,
				1AEC3A0828BE11FE00F03F34 /* Resources */,
				1ABE1F1D28BCD9720052F921 /* Preview Content */,
				1A00B63628C0CBEC004D029B /* TestView.swift */,
			);
			path = TestShop;
			sourceTree = "<group>";
		};
		1ABE1F1D28BCD9720052F921 /* Preview Content */ = {
			isa = PBXGroup;
			children = (
				1ABE1F1E28BCD9720052F921 /* Preview Assets.xcassets */,
			);
			path = "Preview Content";
			sourceTree = "<group>";
		};
		1ABE1F2528BCF96D0052F921 /* Helpers */ = {
			isa = PBXGroup;
			children = (
				1ABE1F2628BCF97D0052F921 /* Constants.swift */,
				1AEC3A5728BE2CBD00F03F34 /* StringExtension.swift */,
				1AB3F53328C107B100C6BDD5 /* AdaptiveSheet.swift */,
				1ADE0B4928C3716F00195594 /* ColorExtension.swift */,
			);
			path = Helpers;
			sourceTree = "<group>";
		};
		1AEC39FD28BDF31E00F03F34 /* Services */ = {
			isa = PBXGroup;
			children = (
				1AEC39FE28BDF6E200F03F34 /* NetworkManager.swift */,
			);
			path = Services;
			sourceTree = "<group>";
		};
		1AEC3A0228BE030600F03F34 /* HomeView */ = {
			isa = PBXGroup;
			children = (
				1AB3F53728C10D6B00C6BDD5 /* Subviews */,
				1AEC3A0428BE033D00F03F34 /* Models */,
				1ABE1F1928BCD9700052F921 /* HomeView.swift */,
			);
			path = HomeView;
			sourceTree = "<group>";
		};
		1AEC3A0428BE033D00F03F34 /* Models */ = {
			isa = PBXGroup;
			children = (
				1ABE1F2A28BD0C700052F921 /* HomeModel.swift */,
				1ABE1F2828BD096D0052F921 /* HomeViewModel.swift */,
			);
			path = Models;
			sourceTree = "<group>";
		};
		1AEC3A0828BE11FE00F03F34 /* Resources */ = {
			isa = PBXGroup;
			children = (
				1AEC3A0928BE123800F03F34 /* Fonts */,
			);
			path = Resources;
			sourceTree = "<group>";
		};
		1AEC3A0928BE123800F03F34 /* Fonts */ = {
			isa = PBXGroup;
			children = (
				1AEC3A5628BE1B0600F03F34 /* Mark Pro */,
			);
			path = Fonts;
			sourceTree = "<group>";
		};
		1AEC3A5628BE1B0600F03F34 /* Mark Pro */ = {
			isa = PBXGroup;
			children = (
				1AEC3A5428BE184600F03F34 /* Mark-Pro.ttf */,
			);
			path = "Mark Pro";
			sourceTree = "<group>";
		};
		73C5B3A4C61C11EB776E21ED /* Pods */ = {
			isa = PBXGroup;
			children = (
				43B37D27156471EA6A7F6AE2 /* Pods-TestShop.debug.xcconfig */,
				B2BA538A08DE6873341235B6 /* Pods-TestShop.release.xcconfig */,
			);
			path = Pods;
			sourceTree = "<group>";
		};
		9203D439117FAD9EAFDFFA96 /* Frameworks */ = {
			isa = PBXGroup;
			children = (
				876829D757049970ECA35F95 /* Pods_TestShop.framework */,
			);
			name = Frameworks;
			sourceTree = "<group>";
		};
/* End PBXGroup section */

/* Begin PBXNativeTarget section */
		1ABE1F1328BCD9700052F921 /* TestShop */ = {
			isa = PBXNativeTarget;
			buildConfigurationList = 1ABE1F2228BCD9720052F921 /* Build configuration list for PBXNativeTarget "TestShop" */;
			buildPhases = (
				47A21A25733AEE781EE4BCC0 /* [CP] Check Pods Manifest.lock */,
				1ABE1F1028BCD9700052F921 /* Sources */,
				1ABE1F1128BCD9700052F921 /* Frameworks */,
				1ABE1F1228BCD9700052F921 /* Resources */,
				08DA7B6E9D0EB9796ECFB89E /* [CP] Embed Pods Frameworks */,
			);
			buildRules = (
			);
			dependencies = (
			);
			name = TestShop;
			productName = TestShop;
			productReference = 1ABE1F1428BCD9700052F921 /* TestShop.app */;
			productType = "com.apple.product-type.application";
		};
/* End PBXNativeTarget section */

/* Begin PBXProject section */
		1ABE1F0C28BCD9700052F921 /* Project object */ = {
			isa = PBXProject;
			attributes = {
				BuildIndependentTargetsInParallel = 1;
				LastSwiftUpdateCheck = 1340;
				LastUpgradeCheck = 1340;
				TargetAttributes = {
					1ABE1F1328BCD9700052F921 = {
						CreatedOnToolsVersion = 13.4.1;
					};
				};
			};
			buildConfigurationList = 1ABE1F0F28BCD9700052F921 /* Build configuration list for PBXProject "TestShop" */;
			compatibilityVersion = "Xcode 13.0";
			developmentRegion = en;
			hasScannedForEncodings = 0;
			knownRegions = (
				en,
				Base,
			);
			mainGroup = 1ABE1F0B28BCD9700052F921;
			productRefGroup = 1ABE1F1528BCD9700052F921 /* Products */;
			projectDirPath = "";
			projectRoot = "";
			targets = (
				1ABE1F1328BCD9700052F921 /* TestShop */,
			);
		};
/* End PBXProject section */

/* Begin PBXResourcesBuildPhase section */
		1ABE1F1228BCD9700052F921 /* Resources */ = {
			isa = PBXResourcesBuildPhase;
			buildActionMask = 2147483647;
			files = (
				1ABE1F1F28BCD9720052F921 /* Preview Assets.xcassets in Resources */,
				1AEC3A5528BE184600F03F34 /* Mark-Pro.ttf in Resources */,
				1ABE1F1C28BCD9720052F921 /* Assets.xcassets in Resources */,
			);
			runOnlyForDeploymentPostprocessing = 0;
		};
/* End PBXResourcesBuildPhase section */

/* Begin PBXShellScriptBuildPhase section */
		08DA7B6E9D0EB9796ECFB89E /* [CP] Embed Pods Frameworks */ = {
			isa = PBXShellScriptBuildPhase;
			buildActionMask = 2147483647;
			files = (
			);
			inputFileListPaths = (
				"${PODS_ROOT}/Target Support Files/Pods-TestShop/Pods-TestShop-frameworks-${CONFIGURATION}-input-files.xcfilelist",
			);
			name = "[CP] Embed Pods Frameworks";
			outputFileListPaths = (
				"${PODS_ROOT}/Target Support Files/Pods-TestShop/Pods-TestShop-frameworks-${CONFIGURATION}-output-files.xcfilelist",
			);
			runOnlyForDeploymentPostprocessing = 0;
			shellPath = /bin/sh;
			shellScript = "\"${PODS_ROOT}/Target Support Files/Pods-TestShop/Pods-TestShop-frameworks.sh\"\n";
			showEnvVarsInLog = 0;
		};
		47A21A25733AEE781EE4BCC0 /* [CP] Check Pods Manifest.lock */ = {
			isa = PBXShellScriptBuildPhase;
			buildActionMask = 2147483647;
			files = (
			);
			inputFileListPaths = (
			);
			inputPaths = (
				"${PODS_PODFILE_DIR_PATH}/Podfile.lock",
				"${PODS_ROOT}/Manifest.lock",
			);
			name = "[CP] Check Pods Manifest.lock";
			outputFileListPaths = (
			);
			outputPaths = (
				"$(DERIVED_FILE_DIR)/Pods-TestShop-checkManifestLockResult.txt",
			);
			runOnlyForDeploymentPostprocessing = 0;
			shellPath = /bin/sh;
			shellScript = "diff \"${PODS_PODFILE_DIR_PATH}/Podfile.lock\" \"${PODS_ROOT}/Manifest.lock\" > /dev/null\nif [ $? != 0 ] ; then\n    # print error to STDERR\n    echo \"error: The sandbox is not in sync with the Podfile.lock. Run 'pod install' or update your CocoaPods installation.\" >&2\n    exit 1\nfi\n# This output is used by Xcode 'outputs' to avoid re-running this script phase.\necho \"SUCCESS\" > \"${SCRIPT_OUTPUT_FILE_0}\"\n";
			showEnvVarsInLog = 0;
		};
/* End PBXShellScriptBuildPhase section */

/* Begin PBXSourcesBuildPhase section */
		1ABE1F1028BCD9700052F921 /* Sources */ = {
			isa = PBXSourcesBuildPhase;
			buildActionMask = 2147483647;
			files = (
				1A00B63928C0CE74004D029B /* TabView.swift in Sources */,
				1A8A7D7228C2618100CDF3A0 /* ProductModel.swift in Sources */,
				1AEC39FF28BDF6E200F03F34 /* NetworkManager.swift in Sources */,
				1AEC3A5828BE2CBD00F03F34 /* StringExtension.swift in Sources */,
				1AE7B16328C4D3C900A5FF89 /* CarouselView.swift in Sources */,
				1A8A7D6828C221B700CDF3A0 /* RangedSliderView.swift in Sources */,
				1ABE1F1A28BCD9700052F921 /* HomeView.swift in Sources */,
				1AB3F53628C10D5E00C6BDD5 /* FilterView.swift in Sources */,
				1ABE1F1828BCD9700052F921 /* TestShopApp.swift in Sources */,
				1A8A7D6A28C25F7700CDF3A0 /* HotSalesView.swift in Sources */,
				1AAD67C328BFC0E300D7EA96 /* BestSellersView.swift in Sources */,
				1AB3F53428C107B100C6BDD5 /* AdaptiveSheet.swift in Sources */,
				1A5827C528C27B41001C4CEB /* DetailsView.swift in Sources */,
				1ABE1F2728BCF97D0052F921 /* Constants.swift in Sources */,
				1A8A7D7028C2611E00CDF3A0 /* ProductViewModel.swift in Sources */,
				1A00B63728C0CBEC004D029B /* TestView.swift in Sources */,
				1ABE1F2B28BD0C700052F921 /* HomeModel.swift in Sources */,
				1ADE0B4828C36C0000195594 /* MyCosmosView.swift in Sources */,
				1ABE1F2928BD096D0052F921 /* HomeViewModel.swift in Sources */,
				1A8A7D6D28C260EF00CDF3A0 /* ProductView.swift in Sources */,
				1ADE0B4A28C3716F00195594 /* ColorExtension.swift in Sources */,
			);
			runOnlyForDeploymentPostprocessing = 0;
		};
/* End PBXSourcesBuildPhase section */

/* Begin XCBuildConfiguration section */
		1ABE1F2028BCD9720052F921 /* Debug */ = {
			isa = XCBuildConfiguration;
			buildSettings = {
				ALWAYS_SEARCH_USER_PATHS = NO;
				CLANG_ANALYZER_NONNULL = YES;
				CLANG_ANALYZER_NUMBER_OBJECT_CONVERSION = YES_AGGRESSIVE;
				CLANG_CXX_LANGUAGE_STANDARD = "gnu++17";
				CLANG_ENABLE_MODULES = YES;
				CLANG_ENABLE_OBJC_ARC = YES;
				CLANG_ENABLE_OBJC_WEAK = YES;
				CLANG_WARN_BLOCK_CAPTURE_AUTORELEASING = YES;
				CLANG_WARN_BOOL_CONVERSION = YES;
				CLANG_WARN_COMMA = YES;
				CLANG_WARN_CONSTANT_CONVERSION = YES;
				CLANG_WARN_DEPRECATED_OBJC_IMPLEMENTATIONS = YES;
				CLANG_WARN_DIRECT_OBJC_ISA_USAGE = YES_ERROR;
				CLANG_WARN_DOCUMENTATION_COMMENTS = YES;
				CLANG_WARN_EMPTY_BODY = YES;
				CLANG_WARN_ENUM_CONVERSION = YES;
				CLANG_WARN_INFINITE_RECURSION = YES;
				CLANG_WARN_INT_CONVERSION = YES;
				CLANG_WARN_NON_LITERAL_NULL_CONVERSION = YES;
				CLANG_WARN_OBJC_IMPLICIT_RETAIN_SELF = YES;
				CLANG_WARN_OBJC_LITERAL_CONVERSION = YES;
				CLANG_WARN_OBJC_ROOT_CLASS = YES_ERROR;
				CLANG_WARN_QUOTED_INCLUDE_IN_FRAMEWORK_HEADER = YES;
				CLANG_WARN_RANGE_LOOP_ANALYSIS = YES;
				CLANG_WARN_STRICT_PROTOTYPES = YES;
				CLANG_WARN_SUSPICIOUS_MOVE = YES;
				CLANG_WARN_UNGUARDED_AVAILABILITY = YES_AGGRESSIVE;
				CLANG_WARN_UNREACHABLE_CODE = YES;
				CLANG_WARN__DUPLICATE_METHOD_MATCH = YES;
				COPY_PHASE_STRIP = NO;
				DEBUG_INFORMATION_FORMAT = dwarf;
				ENABLE_STRICT_OBJC_MSGSEND = YES;
				ENABLE_TESTABILITY = YES;
				GCC_C_LANGUAGE_STANDARD = gnu11;
				GCC_DYNAMIC_NO_PIC = NO;
				GCC_NO_COMMON_BLOCKS = YES;
				GCC_OPTIMIZATION_LEVEL = 0;
				GCC_PREPROCESSOR_DEFINITIONS = (
					"DEBUG=1",
					"$(inherited)",
				);
				GCC_WARN_64_TO_32_BIT_CONVERSION = YES;
				GCC_WARN_ABOUT_RETURN_TYPE = YES_ERROR;
				GCC_WARN_UNDECLARED_SELECTOR = YES;
				GCC_WARN_UNINITIALIZED_AUTOS = YES_AGGRESSIVE;
				GCC_WARN_UNUSED_FUNCTION = YES;
				GCC_WARN_UNUSED_VARIABLE = YES;
				IPHONEOS_DEPLOYMENT_TARGET = 15.5;
				MTL_ENABLE_DEBUG_INFO = INCLUDE_SOURCE;
				MTL_FAST_MATH = YES;
				ONLY_ACTIVE_ARCH = YES;
				SDKROOT = iphoneos;
				SWIFT_ACTIVE_COMPILATION_CONDITIONS = DEBUG;
				SWIFT_OPTIMIZATION_LEVEL = "-Onone";
			};
			name = Debug;
		};
		1ABE1F2128BCD9720052F921 /* Release */ = {
			isa = XCBuildConfiguration;
			buildSettings = {
				ALWAYS_SEARCH_USER_PATHS = NO;
				CLANG_ANALYZER_NONNULL = YES;
				CLANG_ANALYZER_NUMBER_OBJECT_CONVERSION = YES_AGGRESSIVE;
				CLANG_CXX_LANGUAGE_STANDARD = "gnu++17";
				CLANG_ENABLE_MODULES = YES;
				CLANG_ENABLE_OBJC_ARC = YES;
				CLANG_ENABLE_OBJC_WEAK = YES;
				CLANG_WARN_BLOCK_CAPTURE_AUTORELEASING = YES;
				CLANG_WARN_BOOL_CONVERSION = YES;
				CLANG_WARN_COMMA = YES;
				CLANG_WARN_CONSTANT_CONVERSION = YES;
				CLANG_WARN_DEPRECATED_OBJC_IMPLEMENTATIONS = YES;
				CLANG_WARN_DIRECT_OBJC_ISA_USAGE = YES_ERROR;
				CLANG_WARN_DOCUMENTATION_COMMENTS = YES;
				CLANG_WARN_EMPTY_BODY = YES;
				CLANG_WARN_ENUM_CONVERSION = YES;
				CLANG_WARN_INFINITE_RECURSION = YES;
				CLANG_WARN_INT_CONVERSION = YES;
				CLANG_WARN_NON_LITERAL_NULL_CONVERSION = YES;
				CLANG_WARN_OBJC_IMPLICIT_RETAIN_SELF = YES;
				CLANG_WARN_OBJC_LITERAL_CONVERSION = YES;
				CLANG_WARN_OBJC_ROOT_CLASS = YES_ERROR;
				CLANG_WARN_QUOTED_INCLUDE_IN_FRAMEWORK_HEADER = YES;
				CLANG_WARN_RANGE_LOOP_ANALYSIS = YES;
				CLANG_WARN_STRICT_PROTOTYPES = YES;
				CLANG_WARN_SUSPICIOUS_MOVE = YES;
				CLANG_WARN_UNGUARDED_AVAILABILITY = YES_AGGRESSIVE;
				CLANG_WARN_UNREACHABLE_CODE = YES;
				CLANG_WARN__DUPLICATE_METHOD_MATCH = YES;
				COPY_PHASE_STRIP = NO;
				DEBUG_INFORMATION_FORMAT = "dwarf-with-dsym";
				ENABLE_NS_ASSERTIONS = NO;
				ENABLE_STRICT_OBJC_MSGSEND = YES;
				GCC_C_LANGUAGE_STANDARD = gnu11;
				GCC_NO_COMMON_BLOCKS = YES;
				GCC_WARN_64_TO_32_BIT_CONVERSION = YES;
				GCC_WARN_ABOUT_RETURN_TYPE = YES_ERROR;
				GCC_WARN_UNDECLARED_SELECTOR = YES;
				GCC_WARN_UNINITIALIZED_AUTOS = YES_AGGRESSIVE;
				GCC_WARN_UNUSED_FUNCTION = YES;
				GCC_WARN_UNUSED_VARIABLE = YES;
				IPHONEOS_DEPLOYMENT_TARGET = 15.5;
				MTL_ENABLE_DEBUG_INFO = NO;
				MTL_FAST_MATH = YES;
				SDKROOT = iphoneos;
				SWIFT_COMPILATION_MODE = wholemodule;
				SWIFT_OPTIMIZATION_LEVEL = "-O";
				VALIDATE_PRODUCT = YES;
			};
			name = Release;
		};
		1ABE1F2328BCD9720052F921 /* Debug */ = {
			isa = XCBuildConfiguration;
			baseConfigurationReference = 43B37D27156471EA6A7F6AE2 /* Pods-TestShop.debug.xcconfig */;
			buildSettings = {
				ASSETCATALOG_COMPILER_APPICON_NAME = AppIcon;
				ASSETCATALOG_COMPILER_GLOBAL_ACCENT_COLOR_NAME = AccentColor;
				CODE_SIGN_STYLE = Automatic;
				CURRENT_PROJECT_VERSION = 1;
				DEVELOPMENT_ASSET_PATHS = "\"TestShop/Preview Content\"";
				DEVELOPMENT_TEAM = XS6MHWV662;
				ENABLE_PREVIEWS = YES;
				GENERATE_INFOPLIST_FILE = YES;
				INFOPLIST_FILE = TestShop/Info.plist;
				INFOPLIST_KEY_UIApplicationSceneManifest_Generation = YES;
				INFOPLIST_KEY_UIApplicationSupportsIndirectInputEvents = YES;
				INFOPLIST_KEY_UILaunchScreen_Generation = YES;
				INFOPLIST_KEY_UISupportedInterfaceOrientations_iPad = "UIInterfaceOrientationPortrait UIInterfaceOrientationPortraitUpsideDown UIInterfaceOrientationLandscapeLeft UIInterfaceOrientationLandscapeRight";
				INFOPLIST_KEY_UISupportedInterfaceOrientations_iPhone = "UIInterfaceOrientationPortrait UIInterfaceOrientationLandscapeLeft UIInterfaceOrientationLandscapeRight";
				LD_RUNPATH_SEARCH_PATHS = (
					"$(inherited)",
					"@executable_path/Frameworks",
				);
				MARKETING_VERSION = 1.0;
				PRODUCT_BUNDLE_IDENTIFIER = com.sadyrev.TestShop;
				PRODUCT_NAME = "$(TARGET_NAME)";
				SWIFT_EMIT_LOC_STRINGS = YES;
				SWIFT_VERSION = 5.0;
				TARGETED_DEVICE_FAMILY = "1,2";
			};
			name = Debug;
		};
		1ABE1F2428BCD9720052F921 /* Release */ = {
			isa = XCBuildConfiguration;
			baseConfigurationReference = B2BA538A08DE6873341235B6 /* Pods-TestShop.release.xcconfig */;
			buildSettings = {
				ASSETCATALOG_COMPILER_APPICON_NAME = AppIcon;
				ASSETCATALOG_COMPILER_GLOBAL_ACCENT_COLOR_NAME = AccentColor;
				CODE_SIGN_STYLE = Automatic;
				CURRENT_PROJECT_VERSION = 1;
				DEVELOPMENT_ASSET_PATHS = "\"TestShop/Preview Content\"";
				DEVELOPMENT_TEAM = XS6MHWV662;
				ENABLE_PREVIEWS = YES;
				GENERATE_INFOPLIST_FILE = YES;
				INFOPLIST_FILE = TestShop/Info.plist;
				INFOPLIST_KEY_UIApplicationSceneManifest_Generation = YES;
				INFOPLIST_KEY_UIApplicationSupportsIndirectInputEvents = YES;
				INFOPLIST_KEY_UILaunchScreen_Generation = YES;
				INFOPLIST_KEY_UISupportedInterfaceOrientations_iPad = "UIInterfaceOrientationPortrait UIInterfaceOrientationPortraitUpsideDown UIInterfaceOrientationLandscapeLeft UIInterfaceOrientationLandscapeRight";
				INFOPLIST_KEY_UISupportedInterfaceOrientations_iPhone = "UIInterfaceOrientationPortrait UIInterfaceOrientationLandscapeLeft UIInterfaceOrientationLandscapeRight";
				LD_RUNPATH_SEARCH_PATHS = (
					"$(inherited)",
					"@executable_path/Frameworks",
				);
				MARKETING_VERSION = 1.0;
				PRODUCT_BUNDLE_IDENTIFIER = com.sadyrev.TestShop;
				PRODUCT_NAME = "$(TARGET_NAME)";
				SWIFT_EMIT_LOC_STRINGS = YES;
				SWIFT_VERSION = 5.0;
				TARGETED_DEVICE_FAMILY = "1,2";
			};
			name = Release;
		};
/* End XCBuildConfiguration section */

/* Begin XCConfigurationList section */
		1ABE1F0F28BCD9700052F921 /* Build configuration list for PBXProject "TestShop" */ = {
			isa = XCConfigurationList;
			buildConfigurations = (
				1ABE1F2028BCD9720052F921 /* Debug */,
				1ABE1F2128BCD9720052F921 /* Release */,
			);
			defaultConfigurationIsVisible = 0;
			defaultConfigurationName = Release;
		};
		1ABE1F2228BCD9720052F921 /* Build configuration list for PBXNativeTarget "TestShop" */ = {
			isa = XCConfigurationList;
			buildConfigurations = (
				1ABE1F2328BCD9720052F921 /* Debug */,
				1ABE1F2428BCD9720052F921 /* Release */,
			);
			defaultConfigurationIsVisible = 0;
			defaultConfigurationName = Release;
		};
/* End XCConfigurationList section */
	};
	rootObject = 1ABE1F0C28BCD9700052F921 /* Project object */;
}
